lockfileVersion: '9.0'

settings:
  autoInstallPeers: true
  excludeLinksFromLockfile: false

importers:

  .:
    devDependencies:
      '@types/node':
        specifier: ^20.12.7
        version: 20.19.37
      typescript:
        specifier: ^5.4.5
        version: 5.9.3

  packages/cli:
    dependencies:
      commander:
        specifier: ^12.0.0
        version: 12.1.0
      zyka-sdk:
        specifier: ^0.1.1
        version: 0.1.1(zod@3.25.76)
    devDependencies:
      '@types/node':
        specifier: ^20.12.7
        version: 20.19.37
      typescript:
        specifier: ^5.4.5
        version: 5.9.3

  packages/core:
    dependencies:
      zod:
        specifier: ^3.20.0
        version: 3.25.76
    devDependencies:
      '@types/node':
        specifier: ^20.12.7
        version: 20.19.37
      typescript:
        specifier: ^5.4.5
        version: 5.9.3

packages:

  '@types/node@20.19.37':
    resolution: {integrity: sha512-8kzdPJ3FsNsVIurqBs7oodNnCEVbni9yUEkaHbgptDACOPW04jimGagZ51E6+lXUwJjgnBw+hyko/lkFWCldqw==}

  commander@12.1.0:
    resolution: {integrity: sha512-Vw8qHK3bZM9y/P10u3Vib8o/DdkvA2OtPtZvD871QKjy74Wj1WSKFILMPRPSdUSx5RFK1arlJzEtA4PkFgnbuA==}
    engines: {node: '>=18'}

  typescript@5.9.3:
    resolution: {integrity: sha512-jl1vZzPDinLr9eUt3J/t7V6FgNEw9QjvBPdysz9KfQDD41fQrC2Y4vKQdiaUpFT4bXlb1RHhLpp8wtm6M5TgSw==}
    engines: {node: '>=14.17'}
    hasBin: true

  undici-types@6.21.0:
    resolution: {integrity: sha512-iwDZqg0QAGrg9Rav5H4n0M64c3mkR59cJ6wQp+7C4nI0gsmExaedaYLNO44eT4AtBBwjbTiGPMlt2Md0T9H9JQ==}

  zod@3.25.76:
    resolution: {integrity: sha512-gzUt/qt81nXsFGKIFcC3YnfEAx5NkunCfnDlvuBSSFS02bcXu4Lmea0AFIUwbLWxWPx3d9p8S5QoaujKcNQxcQ==}

  zyka-sdk@0.1.1:
    resolution: {integrity: sha512-Zi90yS42h17vqmAjehw50PKd3s1KMTE7oFascOhum/NEC6aWvRG6xM9CHOJLaRW6PQ7pd8P8FGu7r6rkaBrwPQ==}
    deprecated: This package has been merged into 'zyka'. Install 'zyka' instead.
    peerDependencies:
      zod: ^3.20.0
    peerDependenciesMeta:
      zod:
        optional: true

snapshots:

  '@types/node@20.19.37':
    dependencies:
      undici-types: 6.21.0

  commander@12.1.0: {}

  typescript@5.9.3: {}

  undici-types@6.21.0: {}

  zod@3.25.76: {}

  zyka-sdk@0.1.1(zod@3.25.76):
    optionalDependencies:
      zod: 3.25.76
